
Microsoft Visual Studio Solution File, Format Version 12.00
# Visual Studio Version 16
VisualStudioVersion = 16.0.30709.132
MinimumVisualStudioVersion = 10.0.40219.1
Project("{2150E333-8FDC-42A3-9474-1A3956D46DE8}") = "Core", "Core", "{8FB14658-AD17-449D-8D41-E8C817913CA7}"
EndProject
Project("{2150E333-8FDC-42A3-9474-1A3956D46DE8}") = "Infrastructure", "Infrastructure", "{CD70EAAE-B790-45A3-896B-510F6B556625}"
EndProject
Project("{2150E333-8FDC-42A3-9474-1A3956D46DE8}") = "Presentation", "Presentation", "{9EA88C75-468F-455D-8E0A-90262FA78DC4}"
	ProjectSection(SolutionItems) = preProject
		.gitattributes = .gitattributes
		.gitignore = .gitignore
	EndProjectSection
EndProject
Project("{9A19103F-16F7-4668-BE54-9A1E7A4F7556}") = "Application.API", "Application.API\Application.API.csproj", "{1D6915BE-AFE1-4D15-A107-E1CD4604F1C1}"
EndProject
Project("{9A19103F-16F7-4668-BE54-9A1E7A4F7556}") = "Domain", "Domain\Domain.csproj", "{288558A8-19E2-4A16-9465-9E1CCCDF75E9}"
EndProject
Project("{9A19103F-16F7-4668-BE54-9A1E7A4F7556}") = "Infrastructure.API", "Infrastructure.API\Infrastructure.API.csproj", "{6F862DD7-F2D6-4A18-807A-294CB787854C}"
EndProject
Project("{9A19103F-16F7-4668-BE54-9A1E7A4F7556}") = "API", "API\API.csproj", "{ECC7132A-1AF5-4AC2-A6D8-79F8A69C6EA4}"
EndProject
Project("{FAE04EC0-301F-11D3-BF4B-00C04F79EFBC}") = "Application.Shared", "Application.Shared\Application.Shared.csproj", "{280A33AB-A66E-40BA-B307-005A2D242E13}"
EndProject
Project("{FAE04EC0-301F-11D3-BF4B-00C04F79EFBC}") = "Application.MobileApp", "Application.MobileApp\Application.MobileApp.csproj", "{B2228149-7058-4E3E-A3C0-8E1C379D90E2}"
EndProject
Project("{FAE04EC0-301F-11D3-BF4B-00C04F79EFBC}") = "Infrastructure.MobileApp", "Infrastructure.MobileApp\Infrastructure.MobileApp.csproj", "{567E7DAE-973D-4D3B-AB14-3320C43FD048}"
EndProject
Global
	GlobalSection(SolutionConfigurationPlatforms) = preSolution
		Debug|Any CPU = Debug|Any CPU
		Release|Any CPU = Release|Any CPU
	EndGlobalSection
	GlobalSection(ProjectConfigurationPlatforms) = postSolution
		{1D6915BE-AFE1-4D15-A107-E1CD4604F1C1}.Debug|Any CPU.ActiveCfg = Debug|Any CPU
		{1D6915BE-AFE1-4D15-A107-E1CD4604F1C1}.Debug|Any CPU.Build.0 = Debug|Any CPU
		{1D6915BE-AFE1-4D15-A107-E1CD4604F1C1}.Release|Any CPU.ActiveCfg = Release|Any CPU
		{1D6915BE-AFE1-4D15-A107-E1CD4604F1C1}.Release|Any CPU.Build.0 = Release|Any CPU
		{288558A8-19E2-4A16-9465-9E1CCCDF75E9}.Debug|Any CPU.ActiveCfg = Debug|Any CPU
		{288558A8-19E2-4A16-9465-9E1CCCDF75E9}.Debug|Any CPU.Build.0 = Debug|Any CPU
		{288558A8-19E2-4A16-9465-9E1CCCDF75E9}.Release|Any CPU.ActiveCfg = Release|Any CPU
		{288558A8-19E2-4A16-9465-9E1CCCDF75E9}.Release|Any CPU.Build.0 = Release|Any CPU
		{6F862DD7-F2D6-4A18-807A-294CB787854C}.Debug|Any CPU.ActiveCfg = Debug|Any CPU
		{6F862DD7-F2D6-4A18-807A-294CB787854C}.Debug|Any CPU.Build.0 = Debug|Any CPU
		{6F862DD7-F2D6-4A18-807A-294CB787854C}.Release|Any CPU.ActiveCfg = Release|Any CPU
		{6F862DD7-F2D6-4A18-807A-294CB787854C}.Release|Any CPU.Build.0 = Release|Any CPU
		{ECC7132A-1AF5-4AC2-A6D8-79F8A69C6EA4}.Debug|Any CPU.ActiveCfg = Debug|Any CPU
		{ECC7132A-1AF5-4AC2-A6D8-79F8A69C6EA4}.Debug|Any CPU.Build.0 = Debug|Any CPU
		{ECC7132A-1AF5-4AC2-A6D8-79F8A69C6EA4}.Release|Any CPU.ActiveCfg = Release|Any CPU
		{ECC7132A-1AF5-4AC2-A6D8-79F8A69C6EA4}.Release|Any CPU.Build.0 = Release|Any CPU
		{280A33AB-A66E-40BA-B307-005A2D242E13}.Debug|Any CPU.ActiveCfg = Debug|Any CPU
		{280A33AB-A66E-40BA-B307-005A2D242E13}.Debug|Any CPU.Build.0 = Debug|Any CPU
		{280A33AB-A66E-40BA-B307-005A2D242E13}.Release|Any CPU.ActiveCfg = Release|Any CPU
		{280A33AB-A66E-40BA-B307-005A2D242E13}.Release|Any CPU.Build.0 = Release|Any CPU
		{B2228149-7058-4E3E-A3C0-8E1C379D90E2}.Debug|Any CPU.ActiveCfg = Debug|Any CPU
		{B2228149-7058-4E3E-A3C0-8E1C379D90E2}.Debug|Any CPU.Build.0 = Debug|Any CPU
		{B2228149-7058-4E3E-A3C0-8E1C379D90E2}.Release|Any CPU.ActiveCfg = Release|Any CPU
		{B2228149-7058-4E3E-A3C0-8E1C379D90E2}.Release|Any CPU.Build.0 = Release|Any CPU
		{567E7DAE-973D-4D3B-AB14-3320C43FD048}.Debug|Any CPU.ActiveCfg = Debug|Any CPU
		{567E7DAE-973D-4D3B-AB14-3320C43FD048}.Debug|Any CPU.Build.0 = Debug|Any CPU
		{567E7DAE-973D-4D3B-AB14-3320C43FD048}.Release|Any CPU.ActiveCfg = Release|Any CPU
		{567E7DAE-973D-4D3B-AB14-3320C43FD048}.Release|Any CPU.Build.0 = Release|Any CPU
	EndGlobalSection
	GlobalSection(SolutionProperties) = preSolution
		HideSolutionNode = FALSE
	EndGlobalSection
	GlobalSection(NestedProjects) = preSolution
		{1D6915BE-AFE1-4D15-A107-E1CD4604F1C1} = {8FB14658-AD17-449D-8D41-E8C817913CA7}
		{288558A8-19E2-4A16-9465-9E1CCCDF75E9} = {8FB14658-AD17-449D-8D41-E8C817913CA7}
		{6F862DD7-F2D6-4A18-807A-294CB787854C} = {CD70EAAE-B790-45A3-896B-510F6B556625}
		{ECC7132A-1AF5-4AC2-A6D8-79F8A69C6EA4} = {9EA88C75-468F-455D-8E0A-90262FA78DC4}
		{280A33AB-A66E-40BA-B307-005A2D242E13} = {8FB14658-AD17-449D-8D41-E8C817913CA7}
		{B2228149-7058-4E3E-A3C0-8E1C379D90E2} = {8FB14658-AD17-449D-8D41-E8C817913CA7}
		{567E7DAE-973D-4D3B-AB14-3320C43FD048} = {CD70EAAE-B790-45A3-896B-510F6B556625}
	EndGlobalSection
	GlobalSection(ExtensibilityGlobals) = postSolution
		SolutionGuid = {D2E0C70F-9889-47EF-B901-349C9CF2DBE6}
	EndGlobalSection
EndGlobal
