
Microsoft Visual Studio Solution File, Format Version 12.00
# Visual Studio Version 16
VisualStudioVersion = 16.0.30709.132
MinimumVisualStudioVersion = 10.0.40219.1
Project("{2150E333-8FDC-42A3-9474-1A3956D46DE8}") = "Core", "Core", "{8FB14658-AD17-449D-8D41-E8C817913CA7}"
EndProject
Project("{2150E333-8FDC-42A3-9474-1A3956D46DE8}") = "Infrastructure", "Infrastructure", "{CD70EAAE-B790-45A3-896B-510F6B556625}"
EndProject
Project("{2150E333-8FDC-42A3-9474-1A3956D46DE8}") = "Presentation", "Presentation", "{9EA88C75-468F-455D-8E0A-90262FA78DC4}"
	ProjectSection(SolutionItems) = preProject
		.gitattributes = .gitattributes
		.gitignore = .gitignore
	EndProjectSection
EndProject
Project("{9A19103F-16F7-4668-BE54-9A1E7A4F7556}") = "Application.API", "Application.API\Application.API.csproj", "{1D6915BE-AFE1-4D15-A107-E1CD4604F1C1}"
EndProject
Project("{9A19103F-16F7-4668-BE54-9A1E7A4F7556}") = "Domain", "Domain\Domain.csproj", "{288558A8-19E2-4A16-9465-9E1CCCDF75E9}"
EndProject
Project("{9A19103F-16F7-4668-BE54-9A1E7A4F7556}") = "Infrastructure.API", "Infrastructure.API\Infrastructure.API.csproj", "{6F862DD7-F2D6-4A18-807A-294CB787854C}"
EndProject
Project("{9A19103F-16F7-4668-BE54-9A1E7A4F7556}") = "API", "API\API.csproj", "{ECC7132A-1AF5-4AC2-A6D8-79F8A69C6EA4}"
EndProject
Project("{9A19103F-16F7-4668-BE54-9A1E7A4F7556}") = "Application.Shared", "Application.Shared\Application.Shared.csproj", "{280A33AB-A66E-40BA-B307-005A2D242E13}"
EndProject
Project("{9A19103F-16F7-4668-BE54-9A1E7A4F7556}") = "Application.MobileApp", "Application.MobileApp\Application.MobileApp.csproj", "{B2228149-7058-4E3E-A3C0-8E1C379D90E2}"
EndProject
Project("{9A19103F-16F7-4668-BE54-9A1E7A4F7556}") = "Infrastructure.MobileApp", "Infrastructure.MobileApp\Infrastructure.MobileApp.csproj", "{567E7DAE-973D-4D3B-AB14-3320C43FD048}"
EndProject
Project("{FAE04EC0-301F-11D3-BF4B-00C04F79EFBC}") = "MobileLiquorApp", "MobileLiquorApp\MobileLiquorApp\MobileLiquorApp.csproj", "{7E5D3BFE-0701-4F92-B645-7A7EA23DB90E}"
EndProject
Project("{FAE04EC0-301F-11D3-BF4B-00C04F79EFBC}") = "MobileLiquorApp.Android", "MobileLiquorApp\MobileLiquorApp.Android\MobileLiquorApp.Android.csproj", "{02B1BDDE-E3DF-4319-8240-09223F814413}"
EndProject
Project("{FAE04EC0-301F-11D3-BF4B-00C04F79EFBC}") = "MobileLiquorApp.iOS", "MobileLiquorApp\MobileLiquorApp.iOS\MobileLiquorApp.iOS.csproj", "{9A97A2FC-CB48-404A-BFEA-32FD04774108}"
EndProject
Global
	GlobalSection(SolutionConfigurationPlatforms) = preSolution
		Ad-Hoc|Any CPU = Ad-Hoc|Any CPU
		Ad-Hoc|iPhone = Ad-Hoc|iPhone
		Ad-Hoc|iPhoneSimulator = Ad-Hoc|iPhoneSimulator
		AppStore|Any CPU = AppStore|Any CPU
		AppStore|iPhone = AppStore|iPhone
		AppStore|iPhoneSimulator = AppStore|iPhoneSimulator
		Debug|Any CPU = Debug|Any CPU
		Debug|iPhone = Debug|iPhone
		Debug|iPhoneSimulator = Debug|iPhoneSimulator
		Release|Any CPU = Release|Any CPU
		Release|iPhone = Release|iPhone
		Release|iPhoneSimulator = Release|iPhoneSimulator
	EndGlobalSection
	GlobalSection(ProjectConfigurationPlatforms) = postSolution
		{1D6915BE-AFE1-4D15-A107-E1CD4604F1C1}.Ad-Hoc|Any CPU.ActiveCfg = Release|Any CPU
		{1D6915BE-AFE1-4D15-A107-E1CD4604F1C1}.Ad-Hoc|Any CPU.Build.0 = Release|Any CPU
		{1D6915BE-AFE1-4D15-A107-E1CD4604F1C1}.Ad-Hoc|iPhone.ActiveCfg = Release|Any CPU
		{1D6915BE-AFE1-4D15-A107-E1CD4604F1C1}.Ad-Hoc|iPhone.Build.0 = Release|Any CPU
		{1D6915BE-AFE1-4D15-A107-E1CD4604F1C1}.Ad-Hoc|iPhoneSimulator.ActiveCfg = Release|Any CPU
		{1D6915BE-AFE1-4D15-A107-E1CD4604F1C1}.Ad-Hoc|iPhoneSimulator.Build.0 = Release|Any CPU
		{1D6915BE-AFE1-4D15-A107-E1CD4604F1C1}.AppStore|Any CPU.ActiveCfg = Release|Any CPU
		{1D6915BE-AFE1-4D15-A107-E1CD4604F1C1}.AppStore|Any CPU.Build.0 = Release|Any CPU
		{1D6915BE-AFE1-4D15-A107-E1CD4604F1C1}.AppStore|iPhone.ActiveCfg = Release|Any CPU
		{1D6915BE-AFE1-4D15-A107-E1CD4604F1C1}.AppStore|iPhone.Build.0 = Release|Any CPU
		{1D6915BE-AFE1-4D15-A107-E1CD4604F1C1}.AppStore|iPhoneSimulator.ActiveCfg = Release|Any CPU
		{1D6915BE-AFE1-4D15-A107-E1CD4604F1C1}.AppStore|iPhoneSimulator.Build.0 = Release|Any CPU
		{1D6915BE-AFE1-4D15-A107-E1CD4604F1C1}.Debug|Any CPU.ActiveCfg = Debug|Any CPU
		{1D6915BE-AFE1-4D15-A107-E1CD4604F1C1}.Debug|Any CPU.Build.0 = Debug|Any CPU
		{1D6915BE-AFE1-4D15-A107-E1CD4604F1C1}.Debug|iPhone.ActiveCfg = Debug|Any CPU
		{1D6915BE-AFE1-4D15-A107-E1CD4604F1C1}.Debug|iPhone.Build.0 = Debug|Any CPU
		{1D6915BE-AFE1-4D15-A107-E1CD4604F1C1}.Debug|iPhoneSimulator.ActiveCfg = Debug|Any CPU
		{1D6915BE-AFE1-4D15-A107-E1CD4604F1C1}.Debug|iPhoneSimulator.Build.0 = Debug|Any CPU
		{1D6915BE-AFE1-4D15-A107-E1CD4604F1C1}.Release|Any CPU.ActiveCfg = Release|Any CPU
		{1D6915BE-AFE1-4D15-A107-E1CD4604F1C1}.Release|Any CPU.Build.0 = Release|Any CPU
		{1D6915BE-AFE1-4D15-A107-E1CD4604F1C1}.Release|iPhone.ActiveCfg = Release|Any CPU
		{1D6915BE-AFE1-4D15-A107-E1CD4604F1C1}.Release|iPhone.Build.0 = Release|Any CPU
		{1D6915BE-AFE1-4D15-A107-E1CD4604F1C1}.Release|iPhoneSimulator.ActiveCfg = Release|Any CPU
		{1D6915BE-AFE1-4D15-A107-E1CD4604F1C1}.Release|iPhoneSimulator.Build.0 = Release|Any CPU
		{288558A8-19E2-4A16-9465-9E1CCCDF75E9}.Ad-Hoc|Any CPU.ActiveCfg = Release|Any CPU
		{288558A8-19E2-4A16-9465-9E1CCCDF75E9}.Ad-Hoc|Any CPU.Build.0 = Release|Any CPU
		{288558A8-19E2-4A16-9465-9E1CCCDF75E9}.Ad-Hoc|iPhone.ActiveCfg = Release|Any CPU
		{288558A8-19E2-4A16-9465-9E1CCCDF75E9}.Ad-Hoc|iPhone.Build.0 = Release|Any CPU
		{288558A8-19E2-4A16-9465-9E1CCCDF75E9}.Ad-Hoc|iPhoneSimulator.ActiveCfg = Release|Any CPU
		{288558A8-19E2-4A16-9465-9E1CCCDF75E9}.Ad-Hoc|iPhoneSimulator.Build.0 = Release|Any CPU
		{288558A8-19E2-4A16-9465-9E1CCCDF75E9}.AppStore|Any CPU.ActiveCfg = Release|Any CPU
		{288558A8-19E2-4A16-9465-9E1CCCDF75E9}.AppStore|Any CPU.Build.0 = Release|Any CPU
		{288558A8-19E2-4A16-9465-9E1CCCDF75E9}.AppStore|iPhone.ActiveCfg = Release|Any CPU
		{288558A8-19E2-4A16-9465-9E1CCCDF75E9}.AppStore|iPhone.Build.0 = Release|Any CPU
		{288558A8-19E2-4A16-9465-9E1CCCDF75E9}.AppStore|iPhoneSimulator.ActiveCfg = Release|Any CPU
		{288558A8-19E2-4A16-9465-9E1CCCDF75E9}.AppStore|iPhoneSimulator.Build.0 = Release|Any CPU
		{288558A8-19E2-4A16-9465-9E1CCCDF75E9}.Debug|Any CPU.ActiveCfg = Debug|Any CPU
		{288558A8-19E2-4A16-9465-9E1CCCDF75E9}.Debug|Any CPU.Build.0 = Debug|Any CPU
		{288558A8-19E2-4A16-9465-9E1CCCDF75E9}.Debug|iPhone.ActiveCfg = Debug|Any CPU
		{288558A8-19E2-4A16-9465-9E1CCCDF75E9}.Debug|iPhone.Build.0 = Debug|Any CPU
		{288558A8-19E2-4A16-9465-9E1CCCDF75E9}.Debug|iPhoneSimulator.ActiveCfg = Debug|Any CPU
		{288558A8-19E2-4A16-9465-9E1CCCDF75E9}.Debug|iPhoneSimulator.Build.0 = Debug|Any CPU
		{288558A8-19E2-4A16-9465-9E1CCCDF75E9}.Release|Any CPU.ActiveCfg = Release|Any CPU
		{288558A8-19E2-4A16-9465-9E1CCCDF75E9}.Release|Any CPU.Build.0 = Release|Any CPU
		{288558A8-19E2-4A16-9465-9E1CCCDF75E9}.Release|iPhone.ActiveCfg = Release|Any CPU
		{288558A8-19E2-4A16-9465-9E1CCCDF75E9}.Release|iPhone.Build.0 = Release|Any CPU
		{288558A8-19E2-4A16-9465-9E1CCCDF75E9}.Release|iPhoneSimulator.ActiveCfg = Release|Any CPU
		{288558A8-19E2-4A16-9465-9E1CCCDF75E9}.Release|iPhoneSimulator.Build.0 = Release|Any CPU
		{6F862DD7-F2D6-4A18-807A-294CB787854C}.Ad-Hoc|Any CPU.ActiveCfg = Release|Any CPU
		{6F862DD7-F2D6-4A18-807A-294CB787854C}.Ad-Hoc|Any CPU.Build.0 = Release|Any CPU
		{6F862DD7-F2D6-4A18-807A-294CB787854C}.Ad-Hoc|iPhone.ActiveCfg = Release|Any CPU
		{6F862DD7-F2D6-4A18-807A-294CB787854C}.Ad-Hoc|iPhone.Build.0 = Release|Any CPU
		{6F862DD7-F2D6-4A18-807A-294CB787854C}.Ad-Hoc|iPhoneSimulator.ActiveCfg = Release|Any CPU
		{6F862DD7-F2D6-4A18-807A-294CB787854C}.Ad-Hoc|iPhoneSimulator.Build.0 = Release|Any CPU
		{6F862DD7-F2D6-4A18-807A-294CB787854C}.AppStore|Any CPU.ActiveCfg = Release|Any CPU
		{6F862DD7-F2D6-4A18-807A-294CB787854C}.AppStore|Any CPU.Build.0 = Release|Any CPU
		{6F862DD7-F2D6-4A18-807A-294CB787854C}.AppStore|iPhone.ActiveCfg = Release|Any CPU
		{6F862DD7-F2D6-4A18-807A-294CB787854C}.AppStore|iPhone.Build.0 = Release|Any CPU
		{6F862DD7-F2D6-4A18-807A-294CB787854C}.AppStore|iPhoneSimulator.ActiveCfg = Release|Any CPU
		{6F862DD7-F2D6-4A18-807A-294CB787854C}.AppStore|iPhoneSimulator.Build.0 = Release|Any CPU
		{6F862DD7-F2D6-4A18-807A-294CB787854C}.Debug|Any CPU.ActiveCfg = Debug|Any CPU
		{6F862DD7-F2D6-4A18-807A-294CB787854C}.Debug|Any CPU.Build.0 = Debug|Any CPU
		{6F862DD7-F2D6-4A18-807A-294CB787854C}.Debug|iPhone.ActiveCfg = Debug|Any CPU
		{6F862DD7-F2D6-4A18-807A-294CB787854C}.Debug|iPhone.Build.0 = Debug|Any CPU
		{6F862DD7-F2D6-4A18-807A-294CB787854C}.Debug|iPhoneSimulator.ActiveCfg = Debug|Any CPU
		{6F862DD7-F2D6-4A18-807A-294CB787854C}.Debug|iPhoneSimulator.Build.0 = Debug|Any CPU
		{6F862DD7-F2D6-4A18-807A-294CB787854C}.Release|Any CPU.ActiveCfg = Release|Any CPU
		{6F862DD7-F2D6-4A18-807A-294CB787854C}.Release|Any CPU.Build.0 = Release|Any CPU
		{6F862DD7-F2D6-4A18-807A-294CB787854C}.Release|iPhone.ActiveCfg = Release|Any CPU
		{6F862DD7-F2D6-4A18-807A-294CB787854C}.Release|iPhone.Build.0 = Release|Any CPU
		{6F862DD7-F2D6-4A18-807A-294CB787854C}.Release|iPhoneSimulator.ActiveCfg = Release|Any CPU
		{6F862DD7-F2D6-4A18-807A-294CB787854C}.Release|iPhoneSimulator.Build.0 = Release|Any CPU
		{ECC7132A-1AF5-4AC2-A6D8-79F8A69C6EA4}.Ad-Hoc|Any CPU.ActiveCfg = Release|Any CPU
		{ECC7132A-1AF5-4AC2-A6D8-79F8A69C6EA4}.Ad-Hoc|Any CPU.Build.0 = Release|Any CPU
		{ECC7132A-1AF5-4AC2-A6D8-79F8A69C6EA4}.Ad-Hoc|iPhone.ActiveCfg = Release|Any CPU
		{ECC7132A-1AF5-4AC2-A6D8-79F8A69C6EA4}.Ad-Hoc|iPhone.Build.0 = Release|Any CPU
		{ECC7132A-1AF5-4AC2-A6D8-79F8A69C6EA4}.Ad-Hoc|iPhoneSimulator.ActiveCfg = Release|Any CPU
		{ECC7132A-1AF5-4AC2-A6D8-79F8A69C6EA4}.Ad-Hoc|iPhoneSimulator.Build.0 = Release|Any CPU
		{ECC7132A-1AF5-4AC2-A6D8-79F8A69C6EA4}.AppStore|Any CPU.ActiveCfg = Release|Any CPU
		{ECC7132A-1AF5-4AC2-A6D8-79F8A69C6EA4}.AppStore|Any CPU.Build.0 = Release|Any CPU
		{ECC7132A-1AF5-4AC2-A6D8-79F8A69C6EA4}.AppStore|iPhone.ActiveCfg = Release|Any CPU
		{ECC7132A-1AF5-4AC2-A6D8-79F8A69C6EA4}.AppStore|iPhone.Build.0 = Release|Any CPU
		{ECC7132A-1AF5-4AC2-A6D8-79F8A69C6EA4}.AppStore|iPhoneSimulator.ActiveCfg = Release|Any CPU
		{ECC7132A-1AF5-4AC2-A6D8-79F8A69C6EA4}.AppStore|iPhoneSimulator.Build.0 = Release|Any CPU
		{ECC7132A-1AF5-4AC2-A6D8-79F8A69C6EA4}.Debug|Any CPU.ActiveCfg = Debug|Any CPU
		{ECC7132A-1AF5-4AC2-A6D8-79F8A69C6EA4}.Debug|Any CPU.Build.0 = Debug|Any CPU
		{ECC7132A-1AF5-4AC2-A6D8-79F8A69C6EA4}.Debug|iPhone.ActiveCfg = Debug|Any CPU
		{ECC7132A-1AF5-4AC2-A6D8-79F8A69C6EA4}.Debug|iPhone.Build.0 = Debug|Any CPU
		{ECC7132A-1AF5-4AC2-A6D8-79F8A69C6EA4}.Debug|iPhoneSimulator.ActiveCfg = Debug|Any CPU
		{ECC7132A-1AF5-4AC2-A6D8-79F8A69C6EA4}.Debug|iPhoneSimulator.Build.0 = Debug|Any CPU
		{ECC7132A-1AF5-4AC2-A6D8-79F8A69C6EA4}.Release|Any CPU.ActiveCfg = Release|Any CPU
		{ECC7132A-1AF5-4AC2-A6D8-79F8A69C6EA4}.Release|Any CPU.Build.0 = Release|Any CPU
		{ECC7132A-1AF5-4AC2-A6D8-79F8A69C6EA4}.Release|iPhone.ActiveCfg = Release|Any CPU
		{ECC7132A-1AF5-4AC2-A6D8-79F8A69C6EA4}.Release|iPhone.Build.0 = Release|Any CPU
		{ECC7132A-1AF5-4AC2-A6D8-79F8A69C6EA4}.Release|iPhoneSimulator.ActiveCfg = Release|Any CPU
		{ECC7132A-1AF5-4AC2-A6D8-79F8A69C6EA4}.Release|iPhoneSimulator.Build.0 = Release|Any CPU
		{280A33AB-A66E-40BA-B307-005A2D242E13}.Ad-Hoc|Any CPU.ActiveCfg = Release|Any CPU
		{280A33AB-A66E-40BA-B307-005A2D242E13}.Ad-Hoc|Any CPU.Build.0 = Release|Any CPU
		{280A33AB-A66E-40BA-B307-005A2D242E13}.Ad-Hoc|iPhone.ActiveCfg = Release|Any CPU
		{280A33AB-A66E-40BA-B307-005A2D242E13}.Ad-Hoc|iPhone.Build.0 = Release|Any CPU
		{280A33AB-A66E-40BA-B307-005A2D242E13}.Ad-Hoc|iPhoneSimulator.ActiveCfg = Release|Any CPU
		{280A33AB-A66E-40BA-B307-005A2D242E13}.Ad-Hoc|iPhoneSimulator.Build.0 = Release|Any CPU
		{280A33AB-A66E-40BA-B307-005A2D242E13}.AppStore|Any CPU.ActiveCfg = Release|Any CPU
		{280A33AB-A66E-40BA-B307-005A2D242E13}.AppStore|Any CPU.Build.0 = Release|Any CPU
		{280A33AB-A66E-40BA-B307-005A2D242E13}.AppStore|iPhone.ActiveCfg = Release|Any CPU
		{280A33AB-A66E-40BA-B307-005A2D242E13}.AppStore|iPhone.Build.0 = Release|Any CPU
		{280A33AB-A66E-40BA-B307-005A2D242E13}.AppStore|iPhoneSimulator.ActiveCfg = Release|Any CPU
		{280A33AB-A66E-40BA-B307-005A2D242E13}.AppStore|iPhoneSimulator.Build.0 = Release|Any CPU
		{280A33AB-A66E-40BA-B307-005A2D242E13}.Debug|Any CPU.ActiveCfg = Debug|Any CPU
		{280A33AB-A66E-40BA-B307-005A2D242E13}.Debug|Any CPU.Build.0 = Debug|Any CPU
		{280A33AB-A66E-40BA-B307-005A2D242E13}.Debug|iPhone.ActiveCfg = Debug|Any CPU
		{280A33AB-A66E-40BA-B307-005A2D242E13}.Debug|iPhone.Build.0 = Debug|Any CPU
		{280A33AB-A66E-40BA-B307-005A2D242E13}.Debug|iPhoneSimulator.ActiveCfg = Debug|Any CPU
		{280A33AB-A66E-40BA-B307-005A2D242E13}.Debug|iPhoneSimulator.Build.0 = Debug|Any CPU
		{280A33AB-A66E-40BA-B307-005A2D242E13}.Release|Any CPU.ActiveCfg = Release|Any CPU
		{280A33AB-A66E-40BA-B307-005A2D242E13}.Release|Any CPU.Build.0 = Release|Any CPU
		{280A33AB-A66E-40BA-B307-005A2D242E13}.Release|iPhone.ActiveCfg = Release|Any CPU
		{280A33AB-A66E-40BA-B307-005A2D242E13}.Release|iPhone.Build.0 = Release|Any CPU
		{280A33AB-A66E-40BA-B307-005A2D242E13}.Release|iPhoneSimulator.ActiveCfg = Release|Any CPU
		{280A33AB-A66E-40BA-B307-005A2D242E13}.Release|iPhoneSimulator.Build.0 = Release|Any CPU
		{B2228149-7058-4E3E-A3C0-8E1C379D90E2}.Ad-Hoc|Any CPU.ActiveCfg = Release|Any CPU
		{B2228149-7058-4E3E-A3C0-8E1C379D90E2}.Ad-Hoc|Any CPU.Build.0 = Release|Any CPU
		{B2228149-7058-4E3E-A3C0-8E1C379D90E2}.Ad-Hoc|iPhone.ActiveCfg = Release|Any CPU
		{B2228149-7058-4E3E-A3C0-8E1C379D90E2}.Ad-Hoc|iPhone.Build.0 = Release|Any CPU
		{B2228149-7058-4E3E-A3C0-8E1C379D90E2}.Ad-Hoc|iPhoneSimulator.ActiveCfg = Release|Any CPU
		{B2228149-7058-4E3E-A3C0-8E1C379D90E2}.Ad-Hoc|iPhoneSimulator.Build.0 = Release|Any CPU
		{B2228149-7058-4E3E-A3C0-8E1C379D90E2}.AppStore|Any CPU.ActiveCfg = Release|Any CPU
		{B2228149-7058-4E3E-A3C0-8E1C379D90E2}.AppStore|Any CPU.Build.0 = Release|Any CPU
		{B2228149-7058-4E3E-A3C0-8E1C379D90E2}.AppStore|iPhone.ActiveCfg = Release|Any CPU
		{B2228149-7058-4E3E-A3C0-8E1C379D90E2}.AppStore|iPhone.Build.0 = Release|Any CPU
		{B2228149-7058-4E3E-A3C0-8E1C379D90E2}.AppStore|iPhoneSimulator.ActiveCfg = Release|Any CPU
		{B2228149-7058-4E3E-A3C0-8E1C379D90E2}.AppStore|iPhoneSimulator.Build.0 = Release|Any CPU
		{B2228149-7058-4E3E-A3C0-8E1C379D90E2}.Debug|Any CPU.ActiveCfg = Debug|Any CPU
		{B2228149-7058-4E3E-A3C0-8E1C379D90E2}.Debug|Any CPU.Build.0 = Debug|Any CPU
		{B2228149-7058-4E3E-A3C0-8E1C379D90E2}.Debug|iPhone.ActiveCfg = Debug|Any CPU
		{B2228149-7058-4E3E-A3C0-8E1C379D90E2}.Debug|iPhone.Build.0 = Debug|Any CPU
		{B2228149-7058-4E3E-A3C0-8E1C379D90E2}.Debug|iPhoneSimulator.ActiveCfg = Debug|Any CPU
		{B2228149-7058-4E3E-A3C0-8E1C379D90E2}.Debug|iPhoneSimulator.Build.0 = Debug|Any CPU
		{B2228149-7058-4E3E-A3C0-8E1C379D90E2}.Release|Any CPU.ActiveCfg = Release|Any CPU
		{B2228149-7058-4E3E-A3C0-8E1C379D90E2}.Release|Any CPU.Build.0 = Release|Any CPU
		{B2228149-7058-4E3E-A3C0-8E1C379D90E2}.Release|iPhone.ActiveCfg = Release|Any CPU
		{B2228149-7058-4E3E-A3C0-8E1C379D90E2}.Release|iPhone.Build.0 = Release|Any CPU
		{B2228149-7058-4E3E-A3C0-8E1C379D90E2}.Release|iPhoneSimulator.ActiveCfg = Release|Any CPU
		{B2228149-7058-4E3E-A3C0-8E1C379D90E2}.Release|iPhoneSimulator.Build.0 = Release|Any CPU
		{567E7DAE-973D-4D3B-AB14-3320C43FD048}.Ad-Hoc|Any CPU.ActiveCfg = Release|Any CPU
		{567E7DAE-973D-4D3B-AB14-3320C43FD048}.Ad-Hoc|Any CPU.Build.0 = Release|Any CPU
		{567E7DAE-973D-4D3B-AB14-3320C43FD048}.Ad-Hoc|iPhone.ActiveCfg = Release|Any CPU
		{567E7DAE-973D-4D3B-AB14-3320C43FD048}.Ad-Hoc|iPhone.Build.0 = Release|Any CPU
		{567E7DAE-973D-4D3B-AB14-3320C43FD048}.Ad-Hoc|iPhoneSimulator.ActiveCfg = Release|Any CPU
		{567E7DAE-973D-4D3B-AB14-3320C43FD048}.Ad-Hoc|iPhoneSimulator.Build.0 = Release|Any CPU
		{567E7DAE-973D-4D3B-AB14-3320C43FD048}.AppStore|Any CPU.ActiveCfg = Release|Any CPU
		{567E7DAE-973D-4D3B-AB14-3320C43FD048}.AppStore|Any CPU.Build.0 = Release|Any CPU
		{567E7DAE-973D-4D3B-AB14-3320C43FD048}.AppStore|iPhone.ActiveCfg = Release|Any CPU
		{567E7DAE-973D-4D3B-AB14-3320C43FD048}.AppStore|iPhone.Build.0 = Release|Any CPU
		{567E7DAE-973D-4D3B-AB14-3320C43FD048}.AppStore|iPhoneSimulator.ActiveCfg = Release|Any CPU
		{567E7DAE-973D-4D3B-AB14-3320C43FD048}.AppStore|iPhoneSimulator.Build.0 = Release|Any CPU
		{567E7DAE-973D-4D3B-AB14-3320C43FD048}.Debug|Any CPU.ActiveCfg = Debug|Any CPU
		{567E7DAE-973D-4D3B-AB14-3320C43FD048}.Debug|Any CPU.Build.0 = Debug|Any CPU
		{567E7DAE-973D-4D3B-AB14-3320C43FD048}.Debug|iPhone.ActiveCfg = Debug|Any CPU
		{567E7DAE-973D-4D3B-AB14-3320C43FD048}.Debug|iPhone.Build.0 = Debug|Any CPU
		{567E7DAE-973D-4D3B-AB14-3320C43FD048}.Debug|iPhoneSimulator.ActiveCfg = Debug|Any CPU
		{567E7DAE-973D-4D3B-AB14-3320C43FD048}.Debug|iPhoneSimulator.Build.0 = Debug|Any CPU
		{567E7DAE-973D-4D3B-AB14-3320C43FD048}.Release|Any CPU.ActiveCfg = Release|Any CPU
		{567E7DAE-973D-4D3B-AB14-3320C43FD048}.Release|Any CPU.Build.0 = Release|Any CPU
		{567E7DAE-973D-4D3B-AB14-3320C43FD048}.Release|iPhone.ActiveCfg = Release|Any CPU
		{567E7DAE-973D-4D3B-AB14-3320C43FD048}.Release|iPhone.Build.0 = Release|Any CPU
		{567E7DAE-973D-4D3B-AB14-3320C43FD048}.Release|iPhoneSimulator.ActiveCfg = Release|Any CPU
		{567E7DAE-973D-4D3B-AB14-3320C43FD048}.Release|iPhoneSimulator.Build.0 = Release|Any CPU
		{7E5D3BFE-0701-4F92-B645-7A7EA23DB90E}.Ad-Hoc|Any CPU.ActiveCfg = Debug|Any CPU
		{7E5D3BFE-0701-4F92-B645-7A7EA23DB90E}.Ad-Hoc|Any CPU.Build.0 = Debug|Any CPU
		{7E5D3BFE-0701-4F92-B645-7A7EA23DB90E}.Ad-Hoc|iPhone.ActiveCfg = Debug|Any CPU
		{7E5D3BFE-0701-4F92-B645-7A7EA23DB90E}.Ad-Hoc|iPhone.Build.0 = Debug|Any CPU
		{7E5D3BFE-0701-4F92-B645-7A7EA23DB90E}.Ad-Hoc|iPhoneSimulator.ActiveCfg = Debug|Any CPU
		{7E5D3BFE-0701-4F92-B645-7A7EA23DB90E}.Ad-Hoc|iPhoneSimulator.Build.0 = Debug|Any CPU
		{7E5D3BFE-0701-4F92-B645-7A7EA23DB90E}.AppStore|Any CPU.ActiveCfg = Debug|Any CPU
		{7E5D3BFE-0701-4F92-B645-7A7EA23DB90E}.AppStore|Any CPU.Build.0 = Debug|Any CPU
		{7E5D3BFE-0701-4F92-B645-7A7EA23DB90E}.AppStore|iPhone.ActiveCfg = Debug|Any CPU
		{7E5D3BFE-0701-4F92-B645-7A7EA23DB90E}.AppStore|iPhone.Build.0 = Debug|Any CPU
		{7E5D3BFE-0701-4F92-B645-7A7EA23DB90E}.AppStore|iPhoneSimulator.ActiveCfg = Debug|Any CPU
		{7E5D3BFE-0701-4F92-B645-7A7EA23DB90E}.AppStore|iPhoneSimulator.Build.0 = Debug|Any CPU
		{7E5D3BFE-0701-4F92-B645-7A7EA23DB90E}.Debug|Any CPU.ActiveCfg = Debug|Any CPU
		{7E5D3BFE-0701-4F92-B645-7A7EA23DB90E}.Debug|Any CPU.Build.0 = Debug|Any CPU
		{7E5D3BFE-0701-4F92-B645-7A7EA23DB90E}.Debug|iPhone.ActiveCfg = Debug|Any CPU
		{7E5D3BFE-0701-4F92-B645-7A7EA23DB90E}.Debug|iPhone.Build.0 = Debug|Any CPU
		{7E5D3BFE-0701-4F92-B645-7A7EA23DB90E}.Debug|iPhoneSimulator.ActiveCfg = Debug|Any CPU
		{7E5D3BFE-0701-4F92-B645-7A7EA23DB90E}.Debug|iPhoneSimulator.Build.0 = Debug|Any CPU
		{7E5D3BFE-0701-4F92-B645-7A7EA23DB90E}.Release|Any CPU.ActiveCfg = Release|Any CPU
		{7E5D3BFE-0701-4F92-B645-7A7EA23DB90E}.Release|Any CPU.Build.0 = Release|Any CPU
		{7E5D3BFE-0701-4F92-B645-7A7EA23DB90E}.Release|iPhone.ActiveCfg = Release|Any CPU
		{7E5D3BFE-0701-4F92-B645-7A7EA23DB90E}.Release|iPhone.Build.0 = Release|Any CPU
		{7E5D3BFE-0701-4F92-B645-7A7EA23DB90E}.Release|iPhoneSimulator.ActiveCfg = Release|Any CPU
		{7E5D3BFE-0701-4F92-B645-7A7EA23DB90E}.Release|iPhoneSimulator.Build.0 = Release|Any CPU
		{02B1BDDE-E3DF-4319-8240-09223F814413}.Ad-Hoc|Any CPU.ActiveCfg = Debug|Any CPU
		{02B1BDDE-E3DF-4319-8240-09223F814413}.Ad-Hoc|Any CPU.Build.0 = Debug|Any CPU
		{02B1BDDE-E3DF-4319-8240-09223F814413}.Ad-Hoc|Any CPU.Deploy.0 = Debug|Any CPU
		{02B1BDDE-E3DF-4319-8240-09223F814413}.Ad-Hoc|iPhone.ActiveCfg = Debug|Any CPU
		{02B1BDDE-E3DF-4319-8240-09223F814413}.Ad-Hoc|iPhone.Build.0 = Debug|Any CPU
		{02B1BDDE-E3DF-4319-8240-09223F814413}.Ad-Hoc|iPhone.Deploy.0 = Debug|Any CPU
		{02B1BDDE-E3DF-4319-8240-09223F814413}.Ad-Hoc|iPhoneSimulator.ActiveCfg = Debug|Any CPU
		{02B1BDDE-E3DF-4319-8240-09223F814413}.Ad-Hoc|iPhoneSimulator.Build.0 = Debug|Any CPU
		{02B1BDDE-E3DF-4319-8240-09223F814413}.Ad-Hoc|iPhoneSimulator.Deploy.0 = Debug|Any CPU
		{02B1BDDE-E3DF-4319-8240-09223F814413}.AppStore|Any CPU.ActiveCfg = Debug|Any CPU
		{02B1BDDE-E3DF-4319-8240-09223F814413}.AppStore|Any CPU.Build.0 = Debug|Any CPU
		{02B1BDDE-E3DF-4319-8240-09223F814413}.AppStore|Any CPU.Deploy.0 = Debug|Any CPU
		{02B1BDDE-E3DF-4319-8240-09223F814413}.AppStore|iPhone.ActiveCfg = Debug|Any CPU
		{02B1BDDE-E3DF-4319-8240-09223F814413}.AppStore|iPhone.Build.0 = Debug|Any CPU
		{02B1BDDE-E3DF-4319-8240-09223F814413}.AppStore|iPhone.Deploy.0 = Debug|Any CPU
		{02B1BDDE-E3DF-4319-8240-09223F814413}.AppStore|iPhoneSimulator.ActiveCfg = Debug|Any CPU
		{02B1BDDE-E3DF-4319-8240-09223F814413}.AppStore|iPhoneSimulator.Build.0 = Debug|Any CPU
		{02B1BDDE-E3DF-4319-8240-09223F814413}.AppStore|iPhoneSimulator.Deploy.0 = Debug|Any CPU
		{02B1BDDE-E3DF-4319-8240-09223F814413}.Debug|Any CPU.ActiveCfg = Debug|Any CPU
		{02B1BDDE-E3DF-4319-8240-09223F814413}.Debug|Any CPU.Build.0 = Debug|Any CPU
		{02B1BDDE-E3DF-4319-8240-09223F814413}.Debug|Any CPU.Deploy.0 = Debug|Any CPU
		{02B1BDDE-E3DF-4319-8240-09223F814413}.Debug|iPhone.ActiveCfg = Debug|Any CPU
		{02B1BDDE-E3DF-4319-8240-09223F814413}.Debug|iPhone.Build.0 = Debug|Any CPU
		{02B1BDDE-E3DF-4319-8240-09223F814413}.Debug|iPhone.Deploy.0 = Debug|Any CPU
		{02B1BDDE-E3DF-4319-8240-09223F814413}.Debug|iPhoneSimulator.ActiveCfg = Debug|Any CPU
		{02B1BDDE-E3DF-4319-8240-09223F814413}.Debug|iPhoneSimulator.Build.0 = Debug|Any CPU
		{02B1BDDE-E3DF-4319-8240-09223F814413}.Debug|iPhoneSimulator.Deploy.0 = Debug|Any CPU
		{02B1BDDE-E3DF-4319-8240-09223F814413}.Release|Any CPU.ActiveCfg = Release|Any CPU
		{02B1BDDE-E3DF-4319-8240-09223F814413}.Release|Any CPU.Build.0 = Release|Any CPU
		{02B1BDDE-E3DF-4319-8240-09223F814413}.Release|Any CPU.Deploy.0 = Release|Any CPU
		{02B1BDDE-E3DF-4319-8240-09223F814413}.Release|iPhone.ActiveCfg = Release|Any CPU
		{02B1BDDE-E3DF-4319-8240-09223F814413}.Release|iPhone.Build.0 = Release|Any CPU
		{02B1BDDE-E3DF-4319-8240-09223F814413}.Release|iPhone.Deploy.0 = Release|Any CPU
		{02B1BDDE-E3DF-4319-8240-09223F814413}.Release|iPhoneSimulator.ActiveCfg = Release|Any CPU
		{02B1BDDE-E3DF-4319-8240-09223F814413}.Release|iPhoneSimulator.Build.0 = Release|Any CPU
		{02B1BDDE-E3DF-4319-8240-09223F814413}.Release|iPhoneSimulator.Deploy.0 = Release|Any CPU
		{9A97A2FC-CB48-404A-BFEA-32FD04774108}.Ad-Hoc|Any CPU.ActiveCfg = Ad-Hoc|iPhoneSimulator
		{9A97A2FC-CB48-404A-BFEA-32FD04774108}.Ad-Hoc|iPhone.ActiveCfg = Ad-Hoc|iPhone
		{9A97A2FC-CB48-404A-BFEA-32FD04774108}.Ad-Hoc|iPhone.Build.0 = Ad-Hoc|iPhone
		{9A97A2FC-CB48-404A-BFEA-32FD04774108}.Ad-Hoc|iPhoneSimulator.ActiveCfg = Ad-Hoc|iPhoneSimulator
		{9A97A2FC-CB48-404A-BFEA-32FD04774108}.Ad-Hoc|iPhoneSimulator.Build.0 = Ad-Hoc|iPhoneSimulator
		{9A97A2FC-CB48-404A-BFEA-32FD04774108}.AppStore|Any CPU.ActiveCfg = AppStore|iPhoneSimulator
		{9A97A2FC-CB48-404A-BFEA-32FD04774108}.AppStore|iPhone.ActiveCfg = AppStore|iPhone
		{9A97A2FC-CB48-404A-BFEA-32FD04774108}.AppStore|iPhone.Build.0 = AppStore|iPhone
		{9A97A2FC-CB48-404A-BFEA-32FD04774108}.AppStore|iPhoneSimulator.ActiveCfg = AppStore|iPhoneSimulator
		{9A97A2FC-CB48-404A-BFEA-32FD04774108}.AppStore|iPhoneSimulator.Build.0 = AppStore|iPhoneSimulator
		{9A97A2FC-CB48-404A-BFEA-32FD04774108}.Debug|Any CPU.ActiveCfg = Debug|iPhoneSimulator
		{9A97A2FC-CB48-404A-BFEA-32FD04774108}.Debug|iPhone.ActiveCfg = Debug|iPhone
		{9A97A2FC-CB48-404A-BFEA-32FD04774108}.Debug|iPhone.Build.0 = Debug|iPhone
		{9A97A2FC-CB48-404A-BFEA-32FD04774108}.Debug|iPhoneSimulator.ActiveCfg = Debug|iPhoneSimulator
		{9A97A2FC-CB48-404A-BFEA-32FD04774108}.Debug|iPhoneSimulator.Build.0 = Debug|iPhoneSimulator
		{9A97A2FC-CB48-404A-BFEA-32FD04774108}.Release|Any CPU.ActiveCfg = Release|iPhoneSimulator
		{9A97A2FC-CB48-404A-BFEA-32FD04774108}.Release|iPhone.ActiveCfg = Release|iPhone
		{9A97A2FC-CB48-404A-BFEA-32FD04774108}.Release|iPhone.Build.0 = Release|iPhone
		{9A97A2FC-CB48-404A-BFEA-32FD04774108}.Release|iPhoneSimulator.ActiveCfg = Release|iPhoneSimulator
		{9A97A2FC-CB48-404A-BFEA-32FD04774108}.Release|iPhoneSimulator.Build.0 = Release|iPhoneSimulator
	EndGlobalSection
	GlobalSection(SolutionProperties) = preSolution
		HideSolutionNode = FALSE
	EndGlobalSection
	GlobalSection(NestedProjects) = preSolution
		{1D6915BE-AFE1-4D15-A107-E1CD4604F1C1} = {8FB14658-AD17-449D-8D41-E8C817913CA7}
		{288558A8-19E2-4A16-9465-9E1CCCDF75E9} = {8FB14658-AD17-449D-8D41-E8C817913CA7}
		{6F862DD7-F2D6-4A18-807A-294CB787854C} = {CD70EAAE-B790-45A3-896B-510F6B556625}
		{ECC7132A-1AF5-4AC2-A6D8-79F8A69C6EA4} = {9EA88C75-468F-455D-8E0A-90262FA78DC4}
		{280A33AB-A66E-40BA-B307-005A2D242E13} = {8FB14658-AD17-449D-8D41-E8C817913CA7}
		{B2228149-7058-4E3E-A3C0-8E1C379D90E2} = {8FB14658-AD17-449D-8D41-E8C817913CA7}
		{567E7DAE-973D-4D3B-AB14-3320C43FD048} = {CD70EAAE-B790-45A3-896B-510F6B556625}
		{7E5D3BFE-0701-4F92-B645-7A7EA23DB90E} = {9EA88C75-468F-455D-8E0A-90262FA78DC4}
		{02B1BDDE-E3DF-4319-8240-09223F814413} = {9EA88C75-468F-455D-8E0A-90262FA78DC4}
		{9A97A2FC-CB48-404A-BFEA-32FD04774108} = {9EA88C75-468F-455D-8E0A-90262FA78DC4}
	EndGlobalSection
	GlobalSection(ExtensibilityGlobals) = postSolution
		SolutionGuid = {D2E0C70F-9889-47EF-B901-349C9CF2DBE6}
	EndGlobalSection
EndGlobal
